Microsoft Visual Studio Solution File, Format Version 12.00
# Visual Studio Version 17
VisualStudioVersion = 17.5.2.0
MinimumVisualStudioVersion = 10.0.40219.1
Project("{FAE04EC0-301F-11D3-BF4B-00C04F79EFBC}") = "RefrescosDelValle", "RefrescosDelValle.csproj", "{DDE48A43-D4F1-36C2-1389-9D5D740C98F6}"
EndProject
Global
	GlobalSection(SolutionConfigurationPlatforms) = preSolution
		Debug|Any CPU = Debug|Any CPU
		Release|Any CPU = Release|Any CPU
	EndGlobalSection
	GlobalSection(ProjectConfigurationPlatforms) = postSolution
		{DDE48A43-D4F1-36C2-1389-9D5D740C98F6}.Debug|Any CPU.ActiveCfg = Debug|Any CPU
		{DDE48A43-D4F1-36C2-1389-9D5D740C98F6}.Debug|Any CPU.Build.0 = Debug|Any CPU
		{DDE48A43-D4F1-36C2-1389-9D5D740C98F6}.Release|Any CPU.ActiveCfg = Release|Any CPU
		{DDE48A43-D4F1-36C2-1389-9D5D740C98F6}.Release|Any CPU.Build.0 = Release|Any CPU
	EndGlobalSection
	GlobalSection(SolutionProperties) = preSolution
		HideSolutionNode = FALSE
	EndGlobalSection
	GlobalSection(ExtensibilityGlobals) = postSolution
		SolutionGuid = {A8D4DB0A-95B2-4133-B0DC-9BF24254E857}
	EndGlobalSection
EndGlobal
